
Microsoft Visual Studio Solution File, Format Version 12.00
# Visual Studio Version 16
VisualStudioVersion = 16.0.31911.196
MinimumVisualStudioVersion = 10.0.40219.1
Project("{FAE04EC0-301F-11D3-BF4B-00C04F79EFBC}") = "Students", "WebApplication2\Students.csproj", "{ABAB7C91-206A-4DE1-92FE-431DF56FAB2B}"
EndProject
Global
	GlobalSection(SolutionConfigurationPlatforms) = preSolution
		Debug|Any CPU = Debug|Any CPU
		Release|Any CPU = Release|Any CPU
	EndGlobalSection
	GlobalSection(ProjectConfigurationPlatforms) = postSolution
		{ABAB7C91-206A-4DE1-92FE-431DF56FAB2B}.Debug|Any CPU.ActiveCfg = Debug|Any CPU
		{ABAB7C91-206A-4DE1-92FE-431DF56FAB2B}.Debug|Any CPU.Build.0 = Debug|Any CPU
		{ABAB7C91-206A-4DE1-92FE-431DF56FAB2B}.Release|Any CPU.ActiveCfg = Release|Any CPU
		{ABAB7C91-206A-4DE1-92FE-431DF56FAB2B}.Release|Any CPU.Build.0 = Release|Any CPU
	EndGlobalSection
	GlobalSection(SolutionProperties) = preSolution
		HideSolutionNode = FALSE
	EndGlobalSection
	GlobalSection(ExtensibilityGlobals) = postSolution
		SolutionGuid = {0B7BBCE6-DE9B-43F8-A081-DA72857ABE7C}
	EndGlobalSection
EndGlobal
